schema: '2.0'
stages:
  dataset-creation:
    cmd: python scripts/create_dataset.py
    deps:
    - path: scripts/create_dataset.py
      md5: 9a3b5fb26993941de0061fd94cfbb780
      size: 971
    outs:
    - path: assets/data
      md5: cdcef2f53b9332303206ec6a6d80c77b.dir
      size: 2254649
      nfiles: 2
  features-extraction:
    cmd: python scripts/extract_features.py
    deps:
    - path: scripts/extract_features.py
      md5: 161f1dbfae863c9250f66354110fc346
      size: 1356
    outs:
    - path: assets/features
      md5: 4ef44f4aa3a39778fca2ff924a399180.dir
      size: 1277386
      nfiles: 4
  train-random-forest:
    cmd: python scripts/train_model.py
    deps:
    - path: assets/features/train_features.csv
      md5: 62c55534848dfda8ddf615d7842d21ff
      size: 995432
    - path: assets/features/train_labels.csv
      md5: dee9ea3871abf6ce8c0a3671c1439653
      size: 26176
    outs:
    - path: assets/models
      md5: 492c0f147eba1c876ba205ab0c209016.dir
      size: 94604059
      nfiles: 1
